
Microsoft Visual Studio Solution File, Format Version 12.00
# Visual Studio 15
VisualStudioVersion = 15.0.28307.136
MinimumVisualStudioVersion = 10.0.40219.1
Project("{9A19103F-16F7-4668-BE54-9A1E7A4F7556}") = "DomainModel", "DomainModel\DomainModel.csproj", "{FBA5DB2B-5296-4F4B-9EE0-885031B6D0A2}"
EndProject
Project("{9A19103F-16F7-4668-BE54-9A1E7A4F7556}") = "UseCases", "UseCases\UseCases.csproj", "{2DD265B9-157B-4122-97EA-DE923844FCC9}"
EndProject
Project("{9A19103F-16F7-4668-BE54-9A1E7A4F7556}") = "UseCaseBoundary", "UseCaseBoundary\UseCaseBoundary.csproj", "{FDB48A52-DD3B-4860-BE20-1A30038DA024}"
EndProject
Project("{9A19103F-16F7-4668-BE54-9A1E7A4F7556}") = "RepositoryImplementation", "UseCaseBoundaryImplementation\RepositoryImplementation.csproj", "{A9799A34-6D09-4C44-83E7-AC372DDAB3C0}"
EndProject
Project("{9A19103F-16F7-4668-BE54-9A1E7A4F7556}") = "Application.Web", "Application.Web\Application.Web.csproj", "{411AE8F2-FDE6-4763-974D-2D0F0DB47444}"
EndProject
Project("{9A19103F-16F7-4668-BE54-9A1E7A4F7556}") = "DataAccess", "DataAccess\DataAccess.csproj", "{03D4175A-6B67-4E1B-8032-C30E3107F169}"
EndProject
Project("{9A19103F-16F7-4668-BE54-9A1E7A4F7556}") = "Klipper.Tests", "Klipper.Tests\Klipper.Tests.csproj", "{0CBFF4CA-2DAB-473E-8C0A-3E4E324744C0}"
EndProject
Project("{FAE04EC0-301F-11D3-BF4B-00C04F79EFBC}") = "EmailImplementation", "EmailService\EmailImplementation.csproj", "{AE4917C0-C04F-42DD-ACAE-11A5C6BC3401}"
EndProject
Global
	GlobalSection(SolutionConfigurationPlatforms) = preSolution
		Debug|Any CPU = Debug|Any CPU
		Release|Any CPU = Release|Any CPU
	EndGlobalSection
	GlobalSection(ProjectConfigurationPlatforms) = postSolution
		{FBA5DB2B-5296-4F4B-9EE0-885031B6D0A2}.Debug|Any CPU.ActiveCfg = Debug|Any CPU
		{FBA5DB2B-5296-4F4B-9EE0-885031B6D0A2}.Debug|Any CPU.Build.0 = Debug|Any CPU
		{FBA5DB2B-5296-4F4B-9EE0-885031B6D0A2}.Release|Any CPU.ActiveCfg = Release|Any CPU
		{FBA5DB2B-5296-4F4B-9EE0-885031B6D0A2}.Release|Any CPU.Build.0 = Release|Any CPU
		{2DD265B9-157B-4122-97EA-DE923844FCC9}.Debug|Any CPU.ActiveCfg = Debug|Any CPU
		{2DD265B9-157B-4122-97EA-DE923844FCC9}.Debug|Any CPU.Build.0 = Debug|Any CPU
		{2DD265B9-157B-4122-97EA-DE923844FCC9}.Release|Any CPU.ActiveCfg = Release|Any CPU
		{2DD265B9-157B-4122-97EA-DE923844FCC9}.Release|Any CPU.Build.0 = Release|Any CPU
		{FDB48A52-DD3B-4860-BE20-1A30038DA024}.Debug|Any CPU.ActiveCfg = Debug|Any CPU
		{FDB48A52-DD3B-4860-BE20-1A30038DA024}.Debug|Any CPU.Build.0 = Debug|Any CPU
		{FDB48A52-DD3B-4860-BE20-1A30038DA024}.Release|Any CPU.ActiveCfg = Release|Any CPU
		{FDB48A52-DD3B-4860-BE20-1A30038DA024}.Release|Any CPU.Build.0 = Release|Any CPU
		{A9799A34-6D09-4C44-83E7-AC372DDAB3C0}.Debug|Any CPU.ActiveCfg = Debug|Any CPU
		{A9799A34-6D09-4C44-83E7-AC372DDAB3C0}.Debug|Any CPU.Build.0 = Debug|Any CPU
		{A9799A34-6D09-4C44-83E7-AC372DDAB3C0}.Release|Any CPU.ActiveCfg = Release|Any CPU
		{A9799A34-6D09-4C44-83E7-AC372DDAB3C0}.Release|Any CPU.Build.0 = Release|Any CPU
		{411AE8F2-FDE6-4763-974D-2D0F0DB47444}.Debug|Any CPU.ActiveCfg = Debug|Any CPU
		{411AE8F2-FDE6-4763-974D-2D0F0DB47444}.Debug|Any CPU.Build.0 = Debug|Any CPU
		{411AE8F2-FDE6-4763-974D-2D0F0DB47444}.Release|Any CPU.ActiveCfg = Release|Any CPU
		{411AE8F2-FDE6-4763-974D-2D0F0DB47444}.Release|Any CPU.Build.0 = Release|Any CPU
		{03D4175A-6B67-4E1B-8032-C30E3107F169}.Debug|Any CPU.ActiveCfg = Debug|Any CPU
		{03D4175A-6B67-4E1B-8032-C30E3107F169}.Debug|Any CPU.Build.0 = Debug|Any CPU
		{03D4175A-6B67-4E1B-8032-C30E3107F169}.Release|Any CPU.ActiveCfg = Release|Any CPU
		{03D4175A-6B67-4E1B-8032-C30E3107F169}.Release|Any CPU.Build.0 = Release|Any CPU
		{0CBFF4CA-2DAB-473E-8C0A-3E4E324744C0}.Debug|Any CPU.ActiveCfg = Debug|Any CPU
		{0CBFF4CA-2DAB-473E-8C0A-3E4E324744C0}.Debug|Any CPU.Build.0 = Debug|Any CPU
		{0CBFF4CA-2DAB-473E-8C0A-3E4E324744C0}.Release|Any CPU.ActiveCfg = Release|Any CPU
		{0CBFF4CA-2DAB-473E-8C0A-3E4E324744C0}.Release|Any CPU.Build.0 = Release|Any CPU
		{AE4917C0-C04F-42DD-ACAE-11A5C6BC3401}.Debug|Any CPU.ActiveCfg = Debug|Any CPU
		{AE4917C0-C04F-42DD-ACAE-11A5C6BC3401}.Debug|Any CPU.Build.0 = Debug|Any CPU
		{AE4917C0-C04F-42DD-ACAE-11A5C6BC3401}.Release|Any CPU.ActiveCfg = Release|Any CPU
		{AE4917C0-C04F-42DD-ACAE-11A5C6BC3401}.Release|Any CPU.Build.0 = Release|Any CPU
	EndGlobalSection
	GlobalSection(SolutionProperties) = preSolution
		HideSolutionNode = FALSE
	EndGlobalSection
	GlobalSection(ExtensibilityGlobals) = postSolution
		SolutionGuid = {6736F535-09B4-4181-B590-EB39F956B2CE}
	EndGlobalSection
EndGlobal
